
Microsoft Visual Studio Solution File, Format Version 12.00
# Visual Studio 15
VisualStudioVersion = 15.0.27703.2047
MinimumVisualStudioVersion = 10.0.40219.1
Project("{FAE04EC0-301F-11D3-BF4B-00C04F79EFBC}") = "ExtendedSqlDependency", "ExtendedSqlDependency\ExtendedSqlDependency.csproj", "{9F5253EF-63DD-40A4-A6C6-D1BFA54D3BB0}"
EndProject
Project("{FAE04EC0-301F-11D3-BF4B-00C04F79EFBC}") = "TestCode", "TestCode\TestCode.csproj", "{BBB94AC7-0972-4520-B019-F7E340E38241}"
EndProject
Global
	GlobalSection(SolutionConfigurationPlatforms) = preSolution
		Debug|Any CPU = Debug|Any CPU
		Release|Any CPU = Release|Any CPU
	EndGlobalSection
	GlobalSection(ProjectConfigurationPlatforms) = postSolution
		{9F5253EF-63DD-40A4-A6C6-D1BFA54D3BB0}.Debug|Any CPU.ActiveCfg = Debug|Any CPU
		{9F5253EF-63DD-40A4-A6C6-D1BFA54D3BB0}.Debug|Any CPU.Build.0 = Debug|Any CPU
		{9F5253EF-63DD-40A4-A6C6-D1BFA54D3BB0}.Release|Any CPU.ActiveCfg = Release|Any CPU
		{9F5253EF-63DD-40A4-A6C6-D1BFA54D3BB0}.Release|Any CPU.Build.0 = Release|Any CPU
		{BBB94AC7-0972-4520-B019-F7E340E38241}.Debug|Any CPU.ActiveCfg = Debug|Any CPU
		{BBB94AC7-0972-4520-B019-F7E340E38241}.Debug|Any CPU.Build.0 = Debug|Any CPU
		{BBB94AC7-0972-4520-B019-F7E340E38241}.Release|Any CPU.ActiveCfg = Release|Any CPU
		{BBB94AC7-0972-4520-B019-F7E340E38241}.Release|Any CPU.Build.0 = Release|Any CPU
	EndGlobalSection
	GlobalSection(SolutionProperties) = preSolution
		HideSolutionNode = FALSE
	EndGlobalSection
	GlobalSection(ExtensibilityGlobals) = postSolution
		SolutionGuid = {4A562E4E-F664-4C65-B883-8E277EA8286A}
	EndGlobalSection
EndGlobal
